
Microsoft Visual Studio Solution File, Format Version 12.00
# Visual Studio 15
VisualStudioVersion = 15.0.28307.168
MinimumVisualStudioVersion = 10.0.40219.1
Project("{8BC9CEB8-8B4A-11D0-8D11-00A0C91BC942}") = "SequentialMatrixMultiplication", "SequentialMatrixMultiplication\SequentialMatrixMultiplication.vcxproj", "{C66E8320-CD11-4E4F-8243-2807543D6A6B}"
EndProject
Global
	GlobalSection(SolutionConfigurationPlatforms) = preSolution
		Debug|x64 = Debug|x64
		Debug|x86 = Debug|x86
		Release|x64 = Release|x64
		Release|x86 = Release|x86
	EndGlobalSection
	GlobalSection(ProjectConfigurationPlatforms) = postSolution
		{C66E8320-CD11-4E4F-8243-2807543D6A6B}.Debug|x64.ActiveCfg = Debug|x64
		{C66E8320-CD11-4E4F-8243-2807543D6A6B}.Debug|x64.Build.0 = Debug|x64
		{C66E8320-CD11-4E4F-8243-2807543D6A6B}.Debug|x86.ActiveCfg = Debug|Win32
		{C66E8320-CD11-4E4F-8243-2807543D6A6B}.Debug|x86.Build.0 = Debug|Win32
		{C66E8320-CD11-4E4F-8243-2807543D6A6B}.Release|x64.ActiveCfg = Release|x64
		{C66E8320-CD11-4E4F-8243-2807543D6A6B}.Release|x64.Build.0 = Release|x64
		{C66E8320-CD11-4E4F-8243-2807543D6A6B}.Release|x86.ActiveCfg = Release|Win32
		{C66E8320-CD11-4E4F-8243-2807543D6A6B}.Release|x86.Build.0 = Release|Win32
	EndGlobalSection
	GlobalSection(SolutionProperties) = preSolution
		HideSolutionNode = FALSE
	EndGlobalSection
	GlobalSection(ExtensibilityGlobals) = postSolution
		SolutionGuid = {02A02130-9E9D-4D2C-9F1A-7CE6C9D2B175}
	EndGlobalSection
EndGlobal
